
Microsoft Visual Studio Solution File, Format Version 12.00
# Visual Studio Version 16
VisualStudioVersion = 16.0.29009.5
MinimumVisualStudioVersion = 10.0.40219.1
Project("{FAE04EC0-301F-11D3-BF4B-00C04F79EFBC}") = "InlineEdit", "InlineEdit\InlineEdit.csproj", "{1CE1E0BD-40FD-4BE1-9363-3F32A47DA7EC}"
EndProject
Global
	GlobalSection(SolutionConfigurationPlatforms) = preSolution
		Debug|Any CPU = Debug|Any CPU
		Release|Any CPU = Release|Any CPU
	EndGlobalSection
	GlobalSection(ProjectConfigurationPlatforms) = postSolution
		{1CE1E0BD-40FD-4BE1-9363-3F32A47DA7EC}.Debug|Any CPU.ActiveCfg = Debug|Any CPU
		{1CE1E0BD-40FD-4BE1-9363-3F32A47DA7EC}.Debug|Any CPU.Build.0 = Debug|Any CPU
		{1CE1E0BD-40FD-4BE1-9363-3F32A47DA7EC}.Release|Any CPU.ActiveCfg = Release|Any CPU
		{1CE1E0BD-40FD-4BE1-9363-3F32A47DA7EC}.Release|Any CPU.Build.0 = Release|Any CPU
	EndGlobalSection
	GlobalSection(SolutionProperties) = preSolution
		HideSolutionNode = FALSE
	EndGlobalSection
	GlobalSection(ExtensibilityGlobals) = postSolution
		SolutionGuid = {B53D409A-8E07-454C-9D6C-600DC9E43101}
	EndGlobalSection
EndGlobal
